
Microsoft Visual Studio Solution File, Format Version 12.00
# Visual Studio Version 17
VisualStudioVersion = 17.8.34525.116
MinimumVisualStudioVersion = 10.0.40219.1
Project("{888888A0-9F3D-457C-B088-3A5042F75D52}") = "GUI_T", "GUI_T\GUI_T.pyproj", "{A5ACC948-3C3D-4376-BD94-096F559F6635}"
EndProject
Global
	GlobalSection(SolutionConfigurationPlatforms) = preSolution
		Debug|Any CPU = Debug|Any CPU
		Release|Any CPU = Release|Any CPU
	EndGlobalSection
	GlobalSection(ProjectConfigurationPlatforms) = postSolution
		{A5ACC948-3C3D-4376-BD94-096F559F6635}.Debug|Any CPU.ActiveCfg = Debug|Any CPU
		{A5ACC948-3C3D-4376-BD94-096F559F6635}.Release|Any CPU.ActiveCfg = Release|Any CPU
	EndGlobalSection
	GlobalSection(SolutionProperties) = preSolution
		HideSolutionNode = FALSE
	EndGlobalSection
	GlobalSection(ExtensibilityGlobals) = postSolution
		SolutionGuid = {E0FE4916-76F9-46DB-8B34-2D78F2904607}
	EndGlobalSection
EndGlobal
